
Microsoft Visual Studio Solution File, Format Version 12.00
# Visual Studio Version 17
VisualStudioVersion = 17.4.33213.308
MinimumVisualStudioVersion = 10.0.40219.1
Project("{FAE04EC0-301F-11D3-BF4B-00C04F79EFBC}") = "prog_cvic", "prog_cvic\prog_cvic.csproj", "{0F11AE6E-7FA3-4E68-B3C9-CA7DEE5841E1}"
EndProject
Global
	GlobalSection(SolutionConfigurationPlatforms) = preSolution
		Debug|Any CPU = Debug|Any CPU
		Release|Any CPU = Release|Any CPU
	EndGlobalSection
	GlobalSection(ProjectConfigurationPlatforms) = postSolution
		{0F11AE6E-7FA3-4E68-B3C9-CA7DEE5841E1}.Debug|Any CPU.ActiveCfg = Debug|Any CPU
		{0F11AE6E-7FA3-4E68-B3C9-CA7DEE5841E1}.Debug|Any CPU.Build.0 = Debug|Any CPU
		{0F11AE6E-7FA3-4E68-B3C9-CA7DEE5841E1}.Release|Any CPU.ActiveCfg = Release|Any CPU
		{0F11AE6E-7FA3-4E68-B3C9-CA7DEE5841E1}.Release|Any CPU.Build.0 = Release|Any CPU
	EndGlobalSection
	GlobalSection(SolutionProperties) = preSolution
		HideSolutionNode = FALSE
	EndGlobalSection
	GlobalSection(ExtensibilityGlobals) = postSolution
		SolutionGuid = {A0F3B505-49E6-4BD1-BC75-76B6418E074B}
	EndGlobalSection
EndGlobal
